// !$*UTF8*$!
{
	archiveVersion = 1;
	classes = {
	};
	objectVersion = 50;
	objects = {

/* Begin PBXBuildFile section */
		B1A0D6DD2433C71E00DE753D /* AppDelegate.swift in Sources */ = {isa = PBXBuildFile; fileRef = B1A0D6DC2433C71E00DE753D /* AppDelegate.swift */; };
		B1A0D6DF2433C71E00DE753D /* SceneDelegate.swift in Sources */ = {isa = PBXBuildFile; fileRef = B1A0D6DE2433C71E00DE753D /* SceneDelegate.swift */; };
		B1A0D6E12433C71E00DE753D /* ViewController.swift in Sources */ = {isa = PBXBuildFile; fileRef = B1A0D6E02433C71E00DE753D /* ViewController.swift */; };
		B1A0D6E42433C71E00DE753D /* Main.storyboard in Resources */ = {isa = PBXBuildFile; fileRef = B1A0D6E22433C71E00DE753D /* Main.storyboard */; };
		B1A0D6E62433C72200DE753D /* Assets.xcassets in Resources */ = {isa = PBXBuildFile; fileRef = B1A0D6E52433C72200DE753D /* Assets.xcassets */; };
		B1A0D6E92433C72200DE753D /* LaunchScreen.storyboard in Resources */ = {isa = PBXBuildFile; fileRef = B1A0D6E72433C72200DE753D /* LaunchScreen.storyboard */; };
		B1B806322434B68D00112B3D /* Baymax.framework in Frameworks */ = {isa = PBXBuildFile; fileRef = B1A0D7112433CAFA00DE753D /* Baymax.framework */; };
		B1B806332434B68D00112B3D /* Baymax.framework in Embed Frameworks */ = {isa = PBXBuildFile; fileRef = B1A0D7112433CAFA00DE753D /* Baymax.framework */; settings = {ATTRIBUTES = (CodeSignOnCopy, RemoveHeadersOnCopy, ); }; };
/* End PBXBuildFile section */

/* Begin PBXContainerItemProxy section */
		B1A0D7102433CAFA00DE753D /* PBXContainerItemProxy */ = {
			isa = PBXContainerItemProxy;
			containerPortal = B1A0D7052433CA6800DE753D /* Baymax.xcodeproj */;
			proxyType = 2;
			remoteGlobalIDString = 49E0687821944A5400F9B93B;
			remoteInfo = Baymax;
		};
		CA81E88328EB418B00289388 /* PBXContainerItemProxy */ = {
			isa = PBXContainerItemProxy;
			containerPortal = B1A0D7052433CA6800DE753D /* Baymax.xcodeproj */;
			proxyType = 2;
			remoteGlobalIDString = B1AB3E05251395F500E6823D;
			remoteInfo = BaymaxTests;
		};
/* End PBXContainerItemProxy section */

/* Begin PBXCopyFilesBuildPhase section */
		B1B806342434B68D00112B3D /* Embed Frameworks */ = {
			isa = PBXCopyFilesBuildPhase;
			buildActionMask = 2147483647;
			dstPath = "";
			dstSubfolderSpec = 10;
			files = (
				B1B806332434B68D00112B3D /* Baymax.framework in Embed Frameworks */,
			);
			name = "Embed Frameworks";
			runOnlyForDeploymentPostprocessing = 0;
		};
/* End PBXCopyFilesBuildPhase section */

/* Begin PBXFileReference section */
		B1A0D6D92433C71E00DE753D /* ExampleProject.app */ = {isa = PBXFileReference; explicitFileType = wrapper.application; includeInIndex = 0; path = ExampleProject.app; sourceTree = BUILT_PRODUCTS_DIR; };
		B1A0D6DC2433C71E00DE753D /* AppDelegate.swift */ = {isa = PBXFileReference; lastKnownFileType = sourcecode.swift; path = AppDelegate.swift; sourceTree = "<group>"; };
		B1A0D6DE2433C71E00DE753D /* SceneDelegate.swift */ = {isa = PBXFileReference; lastKnownFileType = sourcecode.swift; path = SceneDelegate.swift; sourceTree = "<group>"; };
		B1A0D6E02433C71E00DE753D /* ViewController.swift */ = {isa = PBXFileReference; lastKnownFileType = sourcecode.swift; path = ViewController.swift; sourceTree = "<group>"; };
		B1A0D6E32433C71E00DE753D /* Base */ = {isa = PBXFileReference; lastKnownFileType = file.storyboard; name = Base; path = Base.lproj/Main.storyboard; sourceTree = "<group>"; };
		B1A0D6E52433C72200DE753D /* Assets.xcassets */ = {isa = PBXFileReference; lastKnownFileType = folder.assetcatalog; path = Assets.xcassets; sourceTree = "<group>"; };
		B1A0D6E82433C72200DE753D /* Base */ = {isa = PBXFileReference; lastKnownFileType = file.storyboard; name = Base; path = Base.lproj/LaunchScreen.storyboard; sourceTree = "<group>"; };
		B1A0D6EA2433C72200DE753D /* Info.plist */ = {isa = PBXFileReference; lastKnownFileType = text.plist.xml; path = Info.plist; sourceTree = "<group>"; };
		B1A0D7052433CA6800DE753D /* Baymax.xcodeproj */ = {isa = PBXFileReference; lastKnownFileType = "wrapper.pb-project"; name = Baymax.xcodeproj; path = ../../Baymax.xcodeproj; sourceTree = "<group>"; };
/* End PBXFileReference section */

/* Begin PBXFrameworksBuildPhase section */
		B1A0D6D62433C71E00DE753D /* Frameworks */ = {
			isa = PBXFrameworksBuildPhase;
			buildActionMask = 2147483647;
			files = (
				B1B806322434B68D00112B3D /* Baymax.framework in Frameworks */,
			);
			runOnlyForDeploymentPostprocessing = 0;
		};
/* End PBXFrameworksBuildPhase section */

/* Begin PBXGroup section */
		B1A0D6D02433C71E00DE753D = {
			isa = PBXGroup;
			children = (
				B1A0D6DB2433C71E00DE753D /* ExampleProject */,
				B1A0D6DA2433C71E00DE753D /* Products */,
				B1A0D6F62433C7CA00DE753D /* Frameworks */,
			);
			sourceTree = "<group>";
		};
		B1A0D6DA2433C71E00DE753D /* Products */ = {
			isa = PBXGroup;
			children = (
				B1A0D6D92433C71E00DE753D /* ExampleProject.app */,
			);
			name = Products;
			sourceTree = "<group>";
		};
		B1A0D6DB2433C71E00DE753D /* ExampleProject */ = {
			isa = PBXGroup;
			children = (
				B1A0D7052433CA6800DE753D /* Baymax.xcodeproj */,
				B1A0D6DC2433C71E00DE753D /* AppDelegate.swift */,
				B1A0D6DE2433C71E00DE753D /* SceneDelegate.swift */,
				B1A0D6E02433C71E00DE753D /* ViewController.swift */,
				B1A0D6E22433C71E00DE753D /* Main.storyboard */,
				B1A0D6E52433C72200DE753D /* Assets.xcassets */,
				B1A0D6E72433C72200DE753D /* LaunchScreen.storyboard */,
				B1A0D6EA2433C72200DE753D /* Info.plist */,
			);
			path = ExampleProject;
			sourceTree = "<group>";
		};
		B1A0D6F62433C7CA00DE753D /* Frameworks */ = {
			isa = PBXGroup;
			children = (
			);
			name = Frameworks;
			sourceTree = "<group>";
		};
		B1A0D70D2433CAFA00DE753D /* Products */ = {
			isa = PBXGroup;
			children = (
				B1A0D7112433CAFA00DE753D /* Baymax.framework */,
				CA81E88428EB418B00289388 /* BaymaxTests.xctest */,
			);
			name = Products;
			sourceTree = "<group>";
		};
/* End PBXGroup section */

/* Begin PBXNativeTarget section */
		B1A0D6D82433C71E00DE753D /* ExampleProject */ = {
			isa = PBXNativeTarget;
			buildConfigurationList = B1A0D6ED2433C72200DE753D /* Build configuration list for PBXNativeTarget "ExampleProject" */;
			buildPhases = (
				B1A0D6D52433C71E00DE753D /* Sources */,
				B1A0D6D62433C71E00DE753D /* Frameworks */,
				B1A0D6D72433C71E00DE753D /* Resources */,
				B1B806342434B68D00112B3D /* Embed Frameworks */,
			);
			buildRules = (
			);
			dependencies = (
			);
			name = ExampleProject;
			productName = BaymaxText;
			productReference = B1A0D6D92433C71E00DE753D /* ExampleProject.app */;
			productType = "com.apple.product-type.application";
		};
/* End PBXNativeTarget section */

/* Begin PBXProject section */
		B1A0D6D12433C71E00DE753D /* Project object */ = {
			isa = PBXProject;
			attributes = {
				LastSwiftUpdateCheck = 1140;
				LastUpgradeCheck = 1140;
				ORGANIZATIONNAME = "3 Sided Cube";
				TargetAttributes = {
					B1A0D6D82433C71E00DE753D = {
						CreatedOnToolsVersion = 11.4;
					};
				};
			};
			buildConfigurationList = B1A0D6D42433C71E00DE753D /* Build configuration list for PBXProject "ExampleProject" */;
			compatibilityVersion = "Xcode 9.3";
			developmentRegion = en;
			hasScannedForEncodings = 0;
			knownRegions = (
				en,
				Base,
			);
			mainGroup = B1A0D6D02433C71E00DE753D;
			productRefGroup = B1A0D6DA2433C71E00DE753D /* Products */;
			projectDirPath = "";
			projectReferences = (
				{
					ProductGroup = B1A0D70D2433CAFA00DE753D /* Products */;
					ProjectRef = B1A0D7052433CA6800DE753D /* Baymax.xcodeproj */;
				},
			);
			projectRoot = "";
			targets = (
				B1A0D6D82433C71E00DE753D /* ExampleProject */,
			);
		};
/* End PBXProject section */

/* Begin PBXReferenceProxy section */
		B1A0D7112433CAFA00DE753D /* Baymax.framework */ = {
			isa = PBXReferenceProxy;
			fileType = wrapper.framework;
			path = Baymax.framework;
			remoteRef = B1A0D7102433CAFA00DE753D /* PBXContainerItemProxy */;
			sourceTree = BUILT_PRODUCTS_DIR;
		};
		CA81E88428EB418B00289388 /* BaymaxTests.xctest */ = {
			isa = PBXReferenceProxy;
			fileType = wrapper.cfbundle;
			path = BaymaxTests.xctest;
			remoteRef = CA81E88328EB418B00289388 /* PBXContainerItemProxy */;
			sourceTree = BUILT_PRODUCTS_DIR;
		};
/* End PBXReferenceProxy section */

/* Begin PBXResourcesBuildPhase section */
		B1A0D6D72433C71E00DE753D /* Resources */ = {
			isa = PBXResourcesBuildPhase;
			buildActionMask = 2147483647;
			files = (
				B1A0D6E92433C72200DE753D /* LaunchScreen.storyboard in Resources */,
				B1A0D6E62433C72200DE753D /* Assets.xcassets in Resources */,
				B1A0D6E42433C71E00DE753D /* Main.storyboard in Resources */,
			);
			runOnlyForDeploymentPostprocessing = 0;
		};
/* End PBXResourcesBuildPhase section */

/* Begin PBXSourcesBuildPhase section */
		B1A0D6D52433C71E00DE753D /* Sources */ = {
			isa = PBXSourcesBuildPhase;
			buildActionMask = 2147483647;
			files = (
				B1A0D6E12433C71E00DE753D /* ViewController.swift in Sources */,
				B1A0D6DD2433C71E00DE753D /* AppDelegate.swift in Sources */,
				B1A0D6DF2433C71E00DE753D /* SceneDelegate.swift in Sources */,
			);
			runOnlyForDeploymentPostprocessing = 0;
		};
/* End PBXSourcesBuildPhase section */

/* Begin PBXVariantGroup section */
		B1A0D6E22433C71E00DE753D /* Main.storyboard */ = {
			isa = PBXVariantGroup;
			children = (
				B1A0D6E32433C71E00DE753D /* Base */,
			);
			name = Main.storyboard;
			sourceTree = "<group>";
		};
		B1A0D6E72433C72200DE753D /* LaunchScreen.storyboard */ = {
			isa = PBXVariantGroup;
			children = (
				B1A0D6E82433C72200DE753D /* Base */,
			);
			name = LaunchScreen.storyboard;
			sourceTree = "<group>";
		};
/* End PBXVariantGroup section */

/* Begin XCBuildConfiguration section */
		B1A0D6EB2433C72200DE753D /* Debug */ = {
			isa = XCBuildConfiguration;
			buildSettings = {
				ALWAYS_SEARCH_USER_PATHS = NO;
				CLANG_ANALYZER_NONNULL = YES;
				CLANG_ANALYZER_NUMBER_OBJECT_CONVERSION = YES_AGGRESSIVE;
				CLANG_CXX_LANGUAGE_STANDARD = "gnu++14";
				CLANG_CXX_LIBRARY = "libc++";
				CLANG_ENABLE_MODULES = YES;
				CLANG_ENABLE_OBJC_ARC = YES;
				CLANG_ENABLE_OBJC_WEAK = YES;
				CLANG_WARN_BLOCK_CAPTURE_AUTORELEASING = YES;
				CLANG_WARN_BOOL_CONVERSION = YES;
				CLANG_WARN_COMMA = YES;
				CLANG_WARN_CONSTANT_CONVERSION = YES;
				CLANG_WARN_DEPRECATED_OBJC_IMPLEMENTATIONS = YES;
				CLANG_WARN_DIRECT_OBJC_ISA_USAGE = YES_ERROR;
				CLANG_WARN_DOCUMENTATION_COMMENTS = YES;
				CLANG_WARN_EMPTY_BODY = YES;
				CLANG_WARN_ENUM_CONVERSION = YES;
				CLANG_WARN_INFINITE_RECURSION = YES;
				CLANG_WARN_INT_CONVERSION = YES;
				CLANG_WARN_NON_LITERAL_NULL_CONVERSION = YES;
				CLANG_WARN_OBJC_IMPLICIT_RETAIN_SELF = YES;
				CLANG_WARN_OBJC_LITERAL_CONVERSION = YES;
				CLANG_WARN_OBJC_ROOT_CLASS = YES_ERROR;
				CLANG_WARN_RANGE_LOOP_ANALYSIS = YES;
				CLANG_WARN_STRICT_PROTOTYPES = YES;
				CLANG_WARN_SUSPICIOUS_MOVE = YES;
				CLANG_WARN_UNGUARDED_AVAILABILITY = YES_AGGRESSIVE;
				CLANG_WARN_UNREACHABLE_CODE = YES;
				CLANG_WARN__DUPLICATE_METHOD_MATCH = YES;
				COPY_PHASE_STRIP = NO;
				DEBUG_INFORMATION_FORMAT = dwarf;
				ENABLE_STRICT_OBJC_MSGSEND = YES;
				ENABLE_TESTABILITY = YES;
				GCC_C_LANGUAGE_STANDARD = gnu11;
				GCC_DYNAMIC_NO_PIC = NO;
				GCC_NO_COMMON_BLOCKS = YES;
				GCC_OPTIMIZATION_LEVEL = 0;
				GCC_PREPROCESSOR_DEFINITIONS = (
					"DEBUG=1",
					"$(inherited)",
				);
				GCC_WARN_64_TO_32_BIT_CONVERSION = YES;
				GCC_WARN_ABOUT_RETURN_TYPE = YES_ERROR;
				GCC_WARN_UNDECLARED_SELECTOR = YES;
				GCC_WARN_UNINITIALIZED_AUTOS = YES_AGGRESSIVE;
				GCC_WARN_UNUSED_FUNCTION = YES;
				GCC_WARN_UNUSED_VARIABLE = YES;
				IPHONEOS_DEPLOYMENT_TARGET = 14.7;
				MTL_ENABLE_DEBUG_INFO = INCLUDE_SOURCE;
				MTL_FAST_MATH = YES;
				ONLY_ACTIVE_ARCH = YES;
				SDKROOT = iphoneos;
				SWIFT_ACTIVE_COMPILATION_CONDITIONS = DEBUG;
				SWIFT_OPTIMIZATION_LEVEL = "-Onone";
			};
			name = Debug;
		};
		B1A0D6EC2433C72200DE753D /* Release */ = {
			isa = XCBuildConfiguration;
			buildSettings = {
				ALWAYS_SEARCH_USER_PATHS = NO;
				CLANG_ANALYZER_NONNULL = YES;
				CLANG_ANALYZER_NUMBER_OBJECT_CONVERSION = YES_AGGRESSIVE;
				CLANG_CXX_LANGUAGE_STANDARD = "gnu++14";
				CLANG_CXX_LIBRARY = "libc++";
				CLANG_ENABLE_MODULES = YES;
				CLANG_ENABLE_OBJC_ARC = YES;
				CLANG_ENABLE_OBJC_WEAK = YES;
				CLANG_WARN_BLOCK_CAPTURE_AUTORELEASING = YES;
				CLANG_WARN_BOOL_CONVERSION = YES;
				CLANG_WARN_COMMA = YES;
				CLANG_WARN_CONSTANT_CONVERSION = YES;
				CLANG_WARN_DEPRECATED_OBJC_IMPLEMENTATIONS = YES;
				CLANG_WARN_DIRECT_OBJC_ISA_USAGE = YES_ERROR;
				CLANG_WARN_DOCUMENTATION_COMMENTS = YES;
				CLANG_WARN_EMPTY_BODY = YES;
				CLANG_WARN_ENUM_CONVERSION = YES;
				CLANG_WARN_INFINITE_RECURSION = YES;
				CLANG_WARN_INT_CONVERSION = YES;
				CLANG_WARN_NON_LITERAL_NULL_CONVERSION = YES;
				CLANG_WARN_OBJC_IMPLICIT_RETAIN_SELF = YES;
				CLANG_WARN_OBJC_LITERAL_CONVERSION = YES;
				CLANG_WARN_OBJC_ROOT_CLASS = YES_ERROR;
				CLANG_WARN_RANGE_LOOP_ANALYSIS = YES;
				CLANG_WARN_STRICT_PROTOTYPES = YES;
				CLANG_WARN_SUSPICIOUS_MOVE = YES;
				CLANG_WARN_UNGUARDED_AVAILABILITY = YES_AGGRESSIVE;
				CLANG_WARN_UNREACHABLE_CODE = YES;
				CLANG_WARN__DUPLICATE_METHOD_MATCH = YES;
				COPY_PHASE_STRIP = NO;
				DEBUG_INFORMATION_FORMAT = "dwarf-with-dsym";
				ENABLE_NS_ASSERTIONS = NO;
				ENABLE_STRICT_OBJC_MSGSEND = YES;
				GCC_C_LANGUAGE_STANDARD = gnu11;
				GCC_NO_COMMON_BLOCKS = YES;
				GCC_WARN_64_TO_32_BIT_CONVERSION = YES;
				GCC_WARN_ABOUT_RETURN_TYPE = YES_ERROR;
				GCC_WARN_UNDECLARED_SELECTOR = YES;
				GCC_WARN_UNINITIALIZED_AUTOS = YES_AGGRESSIVE;
				GCC_WARN_UNUSED_FUNCTION = YES;
				GCC_WARN_UNUSED_VARIABLE = YES;
				IPHONEOS_DEPLOYMENT_TARGET = 14.7;
				MTL_ENABLE_DEBUG_INFO = NO;
				MTL_FAST_MATH = YES;
				SDKROOT = iphoneos;
				SWIFT_COMPILATION_MODE = wholemodule;
				SWIFT_OPTIMIZATION_LEVEL = "-O";
				VALIDATE_PRODUCT = YES;
			};
			name = Release;
		};
		B1A0D6EE2433C72200DE753D /* Debug */ = {
			isa = XCBuildConfiguration;
			buildSettings = {
				ASSETCATALOG_COMPILER_APPICON_NAME = AppIcon;
				CODE_SIGN_STYLE = Automatic;
				DEVELOPMENT_TEAM = 25H7BM6YWK;
				INFOPLIST_FILE = ExampleProject/Info.plist;
				IPHONEOS_DEPLOYMENT_TARGET = 13.0;
				LD_RUNPATH_SEARCH_PATHS = (
					"$(inherited)",
					"@executable_path/Frameworks",
				);
				PRODUCT_BUNDLE_IDENTIFIER = com.3sidedcube.BaymaxExample;
				PRODUCT_NAME = "$(TARGET_NAME)";
				SWIFT_VERSION = 5.0;
				TARGETED_DEVICE_FAMILY = "1,2";
			};
			name = Debug;
		};
		B1A0D6EF2433C72200DE753D /* Release */ = {
			isa = XCBuildConfiguration;
			buildSettings = {
				ASSETCATALOG_COMPILER_APPICON_NAME = AppIcon;
				CODE_SIGN_STYLE = Automatic;
				DEVELOPMENT_TEAM = 25H7BM6YWK;
				INFOPLIST_FILE = ExampleProject/Info.plist;
				IPHONEOS_DEPLOYMENT_TARGET = 13.0;
				LD_RUNPATH_SEARCH_PATHS = (
					"$(inherited)",
					"@executable_path/Frameworks",
				);
				PRODUCT_BUNDLE_IDENTIFIER = com.3sidedcube.BaymaxExample;
				PRODUCT_NAME = "$(TARGET_NAME)";
				SWIFT_VERSION = 5.0;
				TARGETED_DEVICE_FAMILY = "1,2";
			};
			name = Release;
		};
/* End XCBuildConfiguration section */

/* Begin XCConfigurationList section */
		B1A0D6D42433C71E00DE753D /* Build configuration list for PBXProject "ExampleProject" */ = {
			isa = XCConfigurationList;
			buildConfigurations = (
				B1A0D6EB2433C72200DE753D /* Debug */,
				B1A0D6EC2433C72200DE753D /* Release */,
			);
			defaultConfigurationIsVisible = 0;
			defaultConfigurationName = Release;
		};
		B1A0D6ED2433C72200DE753D /* Build configuration list for PBXNativeTarget "ExampleProject" */ = {
			isa = XCConfigurationList;
			buildConfigurations = (
				B1A0D6EE2433C72200DE753D /* Debug */,
				B1A0D6EF2433C72200DE753D /* Release */,
			);
			defaultConfigurationIsVisible = 0;
			defaultConfigurationName = Release;
		};
/* End XCConfigurationList section */
	};
	rootObject = B1A0D6D12433C71E00DE753D /* Project object */;
}
